{
  "object": {
    "pins": [
      {
        "package": "AMPopTip",
        "repositoryURL": "https://github.com/andreamazz/AMPopTip.git",
        "state": {
          "branch": "master",
          "revision": "7dbdb2eb98a3e40eda726d8f0af45b50eb962f8f",
          "version": null
        }
      },
      {
        "package": "swift-algorithms",
        "repositoryURL": "https://github.com/apple/swift-algorithms.git",
        "state": {
          "branch": null,
          "revision": "f6919dfc309e7f1b56224378b11e28bab5bccc42",
          "version": "1.2.0"
        }
      },
      {
        "package": "swift-numerics",
        "repositoryURL": "https://github.com/apple/swift-numerics",
        "state": {
          "branch": null,
          "revision": "0a5bc04095a675662cf24757cc0640aa2204253b",
          "version": "1.0.2"
        }
      }
    ]
  },
  "version": 1
}
